Microsoft Visual Studio Solution File, Format Version 12.00
# Visual Studio Version 17
VisualStudioVersion = 17.5.2.0
MinimumVisualStudioVersion = 10.0.40219.1
Project("{FAE04EC0-301F-11D3-BF4B-00C04F79EFBC}") = "BankingApp0.1", "BankingApp0.1.csproj", "{70914D72-FA46-B22E-174E-551A181A7133}"
EndProject
Global
	GlobalSection(SolutionConfigurationPlatforms) = preSolution
		Debug|Any CPU = Debug|Any CPU
		Release|Any CPU = Release|Any CPU
	EndGlobalSection
	GlobalSection(ProjectConfigurationPlatforms) = postSolution
		{70914D72-FA46-B22E-174E-551A181A7133}.Debug|Any CPU.ActiveCfg = Debug|Any CPU
		{70914D72-FA46-B22E-174E-551A181A7133}.Debug|Any CPU.Build.0 = Debug|Any CPU
		{70914D72-FA46-B22E-174E-551A181A7133}.Release|Any CPU.ActiveCfg = Release|Any CPU
		{70914D72-FA46-B22E-174E-551A181A7133}.Release|Any CPU.Build.0 = Release|Any CPU
	EndGlobalSection
	GlobalSection(SolutionProperties) = preSolution
		HideSolutionNode = FALSE
	EndGlobalSection
	GlobalSection(ExtensibilityGlobals) = postSolution
		SolutionGuid = {8D5CD927-84E6-483C-90FF-E41974A2EFF9}
	EndGlobalSection
EndGlobal
